// !$*UTF8*$!
{
	archiveVersion = 1;
	classes = {
	};
	objectVersion = 46;
	objects = {

/* Begin PBXBuildFile section */
		319D5D451C3FB4600042B88A /* main.m in Sources */ = {isa = PBXBuildFile; fileRef = 319D5D441C3FB4600042B88A /* main.m */; };
		319D5D501C3FB5C80042B88A /* Hello.m in Sources */ = {isa = PBXBuildFile; fileRef = 319D5D4F1C3FB5C80042B88A /* Hello.m */; };
/* End PBXBuildFile section */

/* Begin PBXCopyFilesBuildPhase section */
		319D5D3F1C3FB4600042B88A /* CopyFiles */ = {
			isa = PBXCopyFilesBuildPhase;
			buildActionMask = 2147483647;
			dstPath = /usr/share/man/man1/;
			dstSubfolderSpec = 0;
			files = (
			);
			runOnlyForDeploymentPostprocessing = 1;
		};
/* End PBXCopyFilesBuildPhase section */

/* Begin PBXFileReference section */
		319D5D411C3FB4600042B88A /* CFunctions */ = {isa = PBXFileReference; explicitFileType = "compiled.mach-o.executable"; includeInIndex = 0; path = CFunctions; sourceTree = BUILT_PRODUCTS_DIR; };
		319D5D441C3FB4600042B88A /* main.m */ = {isa = PBXFileReference; lastKnownFileType = sourcecode.c.objc; path = main.m; sourceTree = "<group>"; };
		319D5D4F1C3FB5C80042B88A /* Hello.m */ = {isa = PBXFileReference; fileEncoding = 4; lastKnownFileType = sourcecode.c.objc; path = Hello.m; sourceTree = "<group>"; };
		319D5D511C3FB5D80042B88A /* Hello.h */ = {isa = PBXFileReference; lastKnownFileType = sourcecode.c.h; path = Hello.h; sourceTree = "<group>"; };
/* End PBXFileReference section */

/* Begin PBXFrameworksBuildPhase section */
		319D5D3E1C3FB4600042B88A /* Frameworks */ = {
			isa = PBXFrameworksBuildPhase;
			buildActionMask = 2147483647;
			files = (
			);
			runOnlyForDeploymentPostprocessing = 0;
		};
/* End PBXFrameworksBuildPhase section */

/* Begin PBXGroup section */
		319D5D381C3FB4600042B88A = {
			isa = PBXGroup;
			children = (
				319D5D431C3FB4600042B88A /* CFunctions */,
				319D5D421C3FB4600042B88A /* Products */,
			);
			sourceTree = "<group>";
		};
		319D5D421C3FB4600042B88A /* Products */ = {
			isa = PBXGroup;
			children = (
				319D5D411C3FB4600042B88A /* CFunctions */,
			);
			name = Products;
			sourceTree = "<group>";
		};
		319D5D431C3FB4600042B88A /* CFunctions */ = {
			isa = PBXGroup;
			children = (
				319D5D441C3FB4600042B88A /* main.m */,
				319D5D4F1C3FB5C80042B88A /* Hello.m */,
				319D5D511C3FB5D80042B88A /* Hello.h */,
			);
			path = CFunctions;
			sourceTree = "<group>";
		};
/* End PBXGroup section */

/* Begin PBXNativeTarget section */
		319D5D401C3FB4600042B88A /* CFunctions */ = {
			isa = PBXNativeTarget;
			buildConfigurationList = 319D5D481C3FB4600042B88A /* Build configuration list for PBXNativeTarget "CFunctions" */;
			buildPhases = (
				319D5D3D1C3FB4600042B88A /* Sources */,
				319D5D3E1C3FB4600042B88A /* Frameworks */,
				319D5D3F1C3FB4600042B88A /* CopyFiles */,
			);
			buildRules = (
			);
			dependencies = (
			);
			name = CFunctions;
			productName = CFunctions;
			productReference = 319D5D411C3FB4600042B88A /* CFunctions */;
			productType = "com.apple.product-type.tool";
		};
/* End PBXNativeTarget section */

/* Begin PBXProject section */
		319D5D391C3FB4600042B88A /* Project object */ = {
			isa = PBXProject;
			attributes = {
				LastUpgradeCheck = 0720;
				ORGANIZATIONNAME = jikexueyuan;
				TargetAttributes = {
					319D5D401C3FB4600042B88A = {
						CreatedOnToolsVersion = 7.2;
					};
				};
			};
			buildConfigurationList = 319D5D3C1C3FB4600042B88A /* Build configuration list for PBXProject "CFunctions" */;
			compatibilityVersion = "Xcode 3.2";
			developmentRegion = English;
			hasScannedForEncodings = 0;
			knownRegions = (
				en,
			);
			mainGroup = 319D5D381C3FB4600042B88A;
			productRefGroup = 319D5D421C3FB4600042B88A /* Products */;
			projectDirPath = "";
			projectRoot = "";
			targets = (
				319D5D401C3FB4600042B88A /* CFunctions */,
			);
		};
/* End PBXProject section */

/* Begin PBXSourcesBuildPhase section */
		319D5D3D1C3FB4600042B88A /* Sources */ = {
			isa = PBXSourcesBuildPhase;
			buildActionMask = 2147483647;
			files = (
				319D5D501C3FB5C80042B88A /* Hello.m in Sources */,
				319D5D451C3FB4600042B88A /* main.m in Sources */,
			);
			runOnlyForDeploymentPostprocessing = 0;
		};
/* End PBXSourcesBuildPhase section */

/* Begin XCBuildConfiguration section */
		319D5D461C3FB4600042B88A /* Debug */ = {
			isa = XCBuildConfiguration;
			buildSettings = {
				ALWAYS_SEARCH_USER_PATHS = NO;
				CLANG_CXX_LANGUAGE_STANDARD = "gnu++0x";
				CLANG_CXX_LIBRARY = "libc++";
				CLANG_ENABLE_MODULES = YES;
				CLANG_ENABLE_OBJC_ARC = YES;
				CLANG_WARN_BOOL_CONVERSION = YES;
				CLANG_WARN_CONSTANT_CONVERSION = YES;
				CLANG_WARN_DIRECT_OBJC_ISA_USAGE = YES_ERROR;
				CLANG_WARN_EMPTY_BODY = YES;
				CLANG_WARN_ENUM_CONVERSION = YES;
				CLANG_WARN_INT_CONVERSION = YES;
				CLANG_WARN_OBJC_ROOT_CLASS = YES_ERROR;
				CLANG_WARN_UNREACHABLE_CODE = YES;
				CLANG_WARN__DUPLICATE_METHOD_MATCH = YES;
				CODE_SIGN_IDENTITY = "-";
				COPY_PHASE_STRIP = NO;
				DEBUG_INFORMATION_FORMAT = dwarf;
				ENABLE_STRICT_OBJC_MSGSEND = YES;
				ENABLE_TESTABILITY = YES;
				GCC_C_LANGUAGE_STANDARD = gnu99;
				GCC_DYNAMIC_NO_PIC = NO;
				GCC_NO_COMMON_BLOCKS = YES;
				GCC_OPTIMIZATION_LEVEL = 0;
				GCC_PREPROCESSOR_DEFINITIONS = (
					"DEBUG=1",
					"$(inherited)",
				);
				GCC_WARN_64_TO_32_BIT_CONVERSION = YES;
				GCC_WARN_ABOUT_RETURN_TYPE = YES_ERROR;
				GCC_WARN_UNDECLARED_SELECTOR = YES;
				GCC_WARN_UNINITIALIZED_AUTOS = YES_AGGRESSIVE;
				GCC_WARN_UNUSED_FUNCTION = YES;
				GCC_WARN_UNUSED_VARIABLE = YES;
				MACOSX_DEPLOYMENT_TARGET = 10.11;
				MTL_ENABLE_DEBUG_INFO = YES;
				ONLY_ACTIVE_ARCH = YES;
				SDKROOT = macosx;
			};
			name = Debug;
		};
		319D5D471C3FB4600042B88A /* Release */ = {
			isa = XCBuildConfiguration;
			buildSettings = {
				ALWAYS_SEARCH_USER_PATHS = NO;
				CLANG_CXX_LANGUAGE_STANDARD = "gnu++0x";
				CLANG_CXX_LIBRARY = "libc++";
				CLANG_ENABLE_MODULES = YES;
				CLANG_ENABLE_OBJC_ARC = YES;
				CLANG_WARN_BOOL_CONVERSION = YES;
				CLANG_WARN_CONSTANT_CONVERSION = YES;
				CLANG_WARN_DIRECT_OBJC_ISA_USAGE = YES_ERROR;
				CLANG_WARN_EMPTY_BODY = YES;
				CLANG_WARN_ENUM_CONVERSION = YES;
				CLANG_WARN_INT_CONVERSION = YES;
				CLANG_WARN_OBJC_ROOT_CLASS = YES_ERROR;
				CLANG_WARN_UNREACHABLE_CODE = YES;
				CLANG_WARN__DUPLICATE_METHOD_MATCH = YES;
				CODE_SIGN_IDENTITY = "-";
				COPY_PHASE_STRIP = NO;
				DEBUG_INFORMATION_FORMAT = "dwarf-with-dsym";
				ENABLE_NS_ASSERTIONS = NO;
				ENABLE_STRICT_OBJC_MSGSEND = YES;
				GCC_C_LANGUAGE_STANDARD = gnu99;
				GCC_NO_COMMON_BLOCKS = YES;
				GCC_WARN_64_TO_32_BIT_CONVERSION = YES;
				GCC_WARN_ABOUT_RETURN_TYPE = YES_ERROR;
				GCC_WARN_UNDECLARED_SELECTOR = YES;
				GCC_WARN_UNINITIALIZED_AUTOS = YES_AGGRESSIVE;
				GCC_WARN_UNUSED_FUNCTION = YES;
				GCC_WARN_UNUSED_VARIABLE = YES;
				MACOSX_DEPLOYMENT_TARGET = 10.11;
				MTL_ENABLE_DEBUG_INFO = NO;
				SDKROOT = macosx;
			};
			name = Release;
		};
		319D5D491C3FB4600042B88A /* Debug */ = {
			isa = XCBuildConfiguration;
			buildSettings = {
				PRODUCT_NAME = "$(TARGET_NAME)";
			};
			name = Debug;
		};
		319D5D4A1C3FB4600042B88A /* Release */ = {
			isa = XCBuildConfiguration;
			buildSettings = {
				PRODUCT_NAME = "$(TARGET_NAME)";
			};
			name = Release;
		};
/* End XCBuildConfiguration section */

/* Begin XCConfigurationList section */
		319D5D3C1C3FB4600042B88A /* Build configuration list for PBXProject "CFunctions" */ = {
			isa = XCConfigurationList;
			buildConfigurations = (
				319D5D461C3FB4600042B88A /* Debug */,
				319D5D471C3FB4600042B88A /* Release */,
			);
			defaultConfigurationIsVisible = 0;
			defaultConfigurationName = Release;
		};
		319D5D481C3FB4600042B88A /* Build configuration list for PBXNativeTarget "CFunctions" */ = {
			isa = XCConfigurationList;
			buildConfigurations = (
				319D5D491C3FB4600042B88A /* Debug */,
				319D5D4A1C3FB4600042B88A /* Release */,
			);
			defaultConfigurationIsVisible = 0;
		};
/* End XCConfigurationList section */
	};
	rootObject = 319D5D391C3FB4600042B88A /* Project object */;
}
