// !$*UTF8*$!
{
	archiveVersion = 1;
	classes = {
	};
	objectVersion = 46;
	objects = {

/* Begin PBXBuildFile section */
		31AE836E1C4F581F0073364D /* main.m in Sources */ = {isa = PBXBuildFile; fileRef = 31AE836D1C4F581F0073364D /* main.m */; };
		31AE83761C4F58680073364D /* NSString+EndWith.m in Sources */ = {isa = PBXBuildFile; fileRef = 31AE83751C4F58680073364D /* NSString+EndWith.m */; };
/* End PBXBuildFile section */

/* Begin PBXCopyFilesBuildPhase section */
		31AE83681C4F581F0073364D /* CopyFiles */ = {
			isa = PBXCopyFilesBuildPhase;
			buildActionMask = 2147483647;
			dstPath = /usr/share/man/man1/;
			dstSubfolderSpec = 0;
			files = (
			);
			runOnlyForDeploymentPostprocessing = 1;
		};
/* End PBXCopyFilesBuildPhase section */

/* Begin PBXFileReference section */
		31AE836A1C4F581F0073364D /* OCCatagory */ = {isa = PBXFileReference; explicitFileType = "compiled.mach-o.executable"; includeInIndex = 0; path = OCCatagory; sourceTree = BUILT_PRODUCTS_DIR; };
		31AE836D1C4F581F0073364D /* main.m */ = {isa = PBXFileReference; lastKnownFileType = sourcecode.c.objc; path = main.m; sourceTree = "<group>"; };
		31AE83741C4F58680073364D /* NSString+EndWith.h */ = {isa = PBXFileReference; fileEncoding = 4; lastKnownFileType = sourcecode.c.h; path = "NSString+EndWith.h"; sourceTree = "<group>"; };
		31AE83751C4F58680073364D /* NSString+EndWith.m */ = {isa = PBXFileReference; fileEncoding = 4; lastKnownFileType = sourcecode.c.objc; path = "NSString+EndWith.m"; sourceTree = "<group>"; };
/* End PBXFileReference section */

/* Begin PBXFrameworksBuildPhase section */
		31AE83671C4F581F0073364D /* Frameworks */ = {
			isa = PBXFrameworksBuildPhase;
			buildActionMask = 2147483647;
			files = (
			);
			runOnlyForDeploymentPostprocessing = 0;
		};
/* End PBXFrameworksBuildPhase section */

/* Begin PBXGroup section */
		31AE83611C4F581F0073364D = {
			isa = PBXGroup;
			children = (
				31AE836C1C4F581F0073364D /* OCCatagory */,
				31AE836B1C4F581F0073364D /* Products */,
			);
			sourceTree = "<group>";
		};
		31AE836B1C4F581F0073364D /* Products */ = {
			isa = PBXGroup;
			children = (
				31AE836A1C4F581F0073364D /* OCCatagory */,
			);
			name = Products;
			sourceTree = "<group>";
		};
		31AE836C1C4F581F0073364D /* OCCatagory */ = {
			isa = PBXGroup;
			children = (
				31AE836D1C4F581F0073364D /* main.m */,
				31AE83741C4F58680073364D /* NSString+EndWith.h */,
				31AE83751C4F58680073364D /* NSString+EndWith.m */,
			);
			path = OCCatagory;
			sourceTree = "<group>";
		};
/* End PBXGroup section */

/* Begin PBXNativeTarget section */
		31AE83691C4F581F0073364D /* OCCatagory */ = {
			isa = PBXNativeTarget;
			buildConfigurationList = 31AE83711C4F581F0073364D /* Build configuration list for PBXNativeTarget "OCCatagory" */;
			buildPhases = (
				31AE83661C4F581F0073364D /* Sources */,
				31AE83671C4F581F0073364D /* Frameworks */,
				31AE83681C4F581F0073364D /* CopyFiles */,
			);
			buildRules = (
			);
			dependencies = (
			);
			name = OCCatagory;
			productName = OCCatagory;
			productReference = 31AE836A1C4F581F0073364D /* OCCatagory */;
			productType = "com.apple.product-type.tool";
		};
/* End PBXNativeTarget section */

/* Begin PBXProject section */
		31AE83621C4F581F0073364D /* Project object */ = {
			isa = PBXProject;
			attributes = {
				LastUpgradeCheck = 0720;
				ORGANIZATIONNAME = jikexueyuan;
				TargetAttributes = {
					31AE83691C4F581F0073364D = {
						CreatedOnToolsVersion = 7.2;
					};
				};
			};
			buildConfigurationList = 31AE83651C4F581F0073364D /* Build configuration list for PBXProject "OCCatagory" */;
			compatibilityVersion = "Xcode 3.2";
			developmentRegion = English;
			hasScannedForEncodings = 0;
			knownRegions = (
				en,
			);
			mainGroup = 31AE83611C4F581F0073364D;
			productRefGroup = 31AE836B1C4F581F0073364D /* Products */;
			projectDirPath = "";
			projectRoot = "";
			targets = (
				31AE83691C4F581F0073364D /* OCCatagory */,
			);
		};
/* End PBXProject section */

/* Begin PBXSourcesBuildPhase section */
		31AE83661C4F581F0073364D /* Sources */ = {
			isa = PBXSourcesBuildPhase;
			buildActionMask = 2147483647;
			files = (
				31AE836E1C4F581F0073364D /* main.m in Sources */,
				31AE83761C4F58680073364D /* NSString+EndWith.m in Sources */,
			);
			runOnlyForDeploymentPostprocessing = 0;
		};
/* End PBXSourcesBuildPhase section */

/* Begin XCBuildConfiguration section */
		31AE836F1C4F581F0073364D /* Debug */ = {
			isa = XCBuildConfiguration;
			buildSettings = {
				ALWAYS_SEARCH_USER_PATHS = NO;
				CLANG_CXX_LANGUAGE_STANDARD = "gnu++0x";
				CLANG_CXX_LIBRARY = "libc++";
				CLANG_ENABLE_MODULES = YES;
				CLANG_ENABLE_OBJC_ARC = YES;
				CLANG_WARN_BOOL_CONVERSION = YES;
				CLANG_WARN_CONSTANT_CONVERSION = YES;
				CLANG_WARN_DIRECT_OBJC_ISA_USAGE = YES_ERROR;
				CLANG_WARN_EMPTY_BODY = YES;
				CLANG_WARN_ENUM_CONVERSION = YES;
				CLANG_WARN_INT_CONVERSION = YES;
				CLANG_WARN_OBJC_ROOT_CLASS = YES_ERROR;
				CLANG_WARN_UNREACHABLE_CODE = YES;
				CLANG_WARN__DUPLICATE_METHOD_MATCH = YES;
				CODE_SIGN_IDENTITY = "-";
				COPY_PHASE_STRIP = NO;
				DEBUG_INFORMATION_FORMAT = dwarf;
				ENABLE_STRICT_OBJC_MSGSEND = YES;
				ENABLE_TESTABILITY = YES;
				GCC_C_LANGUAGE_STANDARD = gnu99;
				GCC_DYNAMIC_NO_PIC = NO;
				GCC_NO_COMMON_BLOCKS = YES;
				GCC_OPTIMIZATION_LEVEL = 0;
				GCC_PREPROCESSOR_DEFINITIONS = (
					"DEBUG=1",
					"$(inherited)",
				);
				GCC_WARN_64_TO_32_BIT_CONVERSION = YES;
				GCC_WARN_ABOUT_RETURN_TYPE = YES_ERROR;
				GCC_WARN_UNDECLARED_SELECTOR = YES;
				GCC_WARN_UNINITIALIZED_AUTOS = YES_AGGRESSIVE;
				GCC_WARN_UNUSED_FUNCTION = YES;
				GCC_WARN_UNUSED_VARIABLE = YES;
				MACOSX_DEPLOYMENT_TARGET = 10.11;
				MTL_ENABLE_DEBUG_INFO = YES;
				ONLY_ACTIVE_ARCH = YES;
				SDKROOT = macosx;
			};
			name = Debug;
		};
		31AE83701C4F581F0073364D /* Release */ = {
			isa = XCBuildConfiguration;
			buildSettings = {
				ALWAYS_SEARCH_USER_PATHS = NO;
				CLANG_CXX_LANGUAGE_STANDARD = "gnu++0x";
				CLANG_CXX_LIBRARY = "libc++";
				CLANG_ENABLE_MODULES = YES;
				CLANG_ENABLE_OBJC_ARC = YES;
				CLANG_WARN_BOOL_CONVERSION = YES;
				CLANG_WARN_CONSTANT_CONVERSION = YES;
				CLANG_WARN_DIRECT_OBJC_ISA_USAGE = YES_ERROR;
				CLANG_WARN_EMPTY_BODY = YES;
				CLANG_WARN_ENUM_CONVERSION = YES;
				CLANG_WARN_INT_CONVERSION = YES;
				CLANG_WARN_OBJC_ROOT_CLASS = YES_ERROR;
				CLANG_WARN_UNREACHABLE_CODE = YES;
				CLANG_WARN__DUPLICATE_METHOD_MATCH = YES;
				CODE_SIGN_IDENTITY = "-";
				COPY_PHASE_STRIP = NO;
				DEBUG_INFORMATION_FORMAT = "dwarf-with-dsym";
				ENABLE_NS_ASSERTIONS = NO;
				ENABLE_STRICT_OBJC_MSGSEND = YES;
				GCC_C_LANGUAGE_STANDARD = gnu99;
				GCC_NO_COMMON_BLOCKS = YES;
				GCC_WARN_64_TO_32_BIT_CONVERSION = YES;
				GCC_WARN_ABOUT_RETURN_TYPE = YES_ERROR;
				GCC_WARN_UNDECLARED_SELECTOR = YES;
				GCC_WARN_UNINITIALIZED_AUTOS = YES_AGGRESSIVE;
				GCC_WARN_UNUSED_FUNCTION = YES;
				GCC_WARN_UNUSED_VARIABLE = YES;
				MACOSX_DEPLOYMENT_TARGET = 10.11;
				MTL_ENABLE_DEBUG_INFO = NO;
				SDKROOT = macosx;
			};
			name = Release;
		};
		31AE83721C4F581F0073364D /* Debug */ = {
			isa = XCBuildConfiguration;
			buildSettings = {
				PRODUCT_NAME = "$(TARGET_NAME)";
			};
			name = Debug;
		};
		31AE83731C4F581F0073364D /* Release */ = {
			isa = XCBuildConfiguration;
			buildSettings = {
				PRODUCT_NAME = "$(TARGET_NAME)";
			};
			name = Release;
		};
/* End XCBuildConfiguration section */

/* Begin XCConfigurationList section */
		31AE83651C4F581F0073364D /* Build configuration list for PBXProject "OCCatagory" */ = {
			isa = XCConfigurationList;
			buildConfigurations = (
				31AE836F1C4F581F0073364D /* Debug */,
				31AE83701C4F581F0073364D /* Release */,
			);
			defaultConfigurationIsVisible = 0;
			defaultConfigurationName = Release;
		};
		31AE83711C4F581F0073364D /* Build configuration list for PBXNativeTarget "OCCatagory" */ = {
			isa = XCConfigurationList;
			buildConfigurations = (
				31AE83721C4F581F0073364D /* Debug */,
				31AE83731C4F581F0073364D /* Release */,
			);
			defaultConfigurationIsVisible = 0;
		};
/* End XCConfigurationList section */
	};
	rootObject = 31AE83621C4F581F0073364D /* Project object */;
}
