// !$*UTF8*$!
{
	archiveVersion = 1;
	classes = {
	};
	objectVersion = 46;
	objects = {

/* Begin PBXBuildFile section */
		318DDCDD1C2D2DF200B8D4EF /* AppDelegate.swift in Sources */ = {isa = PBXBuildFile; fileRef = 318DDCDC1C2D2DF200B8D4EF /* AppDelegate.swift */; };
		318DDCDF1C2D2DF200B8D4EF /* ViewController.swift in Sources */ = {isa = PBXBuildFile; fileRef = 318DDCDE1C2D2DF200B8D4EF /* ViewController.swift */; };
		318DDCE21C2D2DF200B8D4EF /* Main.storyboard in Resources */ = {isa = PBXBuildFile; fileRef = 318DDCE01C2D2DF200B8D4EF /* Main.storyboard */; };
		318DDCE41C2D2DF200B8D4EF /* Assets.xcassets in Resources */ = {isa = PBXBuildFile; fileRef = 318DDCE31C2D2DF200B8D4EF /* Assets.xcassets */; };
		318DDCE71C2D2DF200B8D4EF /* LaunchScreen.storyboard in Resources */ = {isa = PBXBuildFile; fileRef = 318DDCE51C2D2DF200B8D4EF /* LaunchScreen.storyboard */; };
/* End PBXBuildFile section */

/* Begin PBXFileReference section */
		318DDCD91C2D2DF200B8D4EF /* HelloiOS.app */ = {isa = PBXFileReference; explicitFileType = wrapper.application; includeInIndex = 0; path = HelloiOS.app; sourceTree = BUILT_PRODUCTS_DIR; };
		318DDCDC1C2D2DF200B8D4EF /* AppDelegate.swift */ = {isa = PBXFileReference; lastKnownFileType = sourcecode.swift; path = AppDelegate.swift; sourceTree = "<group>"; };
		318DDCDE1C2D2DF200B8D4EF /* ViewController.swift */ = {isa = PBXFileReference; lastKnownFileType = sourcecode.swift; path = ViewController.swift; sourceTree = "<group>"; };
		318DDCE11C2D2DF200B8D4EF /* Base */ = {isa = PBXFileReference; lastKnownFileType = file.storyboard; name = Base; path = Base.lproj/Main.storyboard; sourceTree = "<group>"; };
		318DDCE31C2D2DF200B8D4EF /* Assets.xcassets */ = {isa = PBXFileReference; lastKnownFileType = folder.assetcatalog; path = Assets.xcassets; sourceTree = "<group>"; };
		318DDCE61C2D2DF200B8D4EF /* Base */ = {isa = PBXFileReference; lastKnownFileType = file.storyboard; name = Base; path = Base.lproj/LaunchScreen.storyboard; sourceTree = "<group>"; };
		318DDCE81C2D2DF200B8D4EF /* Info.plist */ = {isa = PBXFileReference; lastKnownFileType = text.plist.xml; path = Info.plist; sourceTree = "<group>"; };
/* End PBXFileReference section */

/* Begin PBXFrameworksBuildPhase section */
		318DDCD61C2D2DF200B8D4EF /* Frameworks */ = {
			isa = PBXFrameworksBuildPhase;
			buildActionMask = 2147483647;
			files = (
			);
			runOnlyForDeploymentPostprocessing = 0;
		};
/* End PBXFrameworksBuildPhase section */

/* Begin PBXGroup section */
		318DDCD01C2D2DF200B8D4EF = {
			isa = PBXGroup;
			children = (
				318DDCDB1C2D2DF200B8D4EF /* HelloiOS */,
				318DDCDA1C2D2DF200B8D4EF /* Products */,
			);
			sourceTree = "<group>";
		};
		318DDCDA1C2D2DF200B8D4EF /* Products */ = {
			isa = PBXGroup;
			children = (
				318DDCD91C2D2DF200B8D4EF /* HelloiOS.app */,
			);
			name = Products;
			sourceTree = "<group>";
		};
		318DDCDB1C2D2DF200B8D4EF /* HelloiOS */ = {
			isa = PBXGroup;
			children = (
				318DDCDC1C2D2DF200B8D4EF /* AppDelegate.swift */,
				318DDCDE1C2D2DF200B8D4EF /* ViewController.swift */,
				318DDCE01C2D2DF200B8D4EF /* Main.storyboard */,
				318DDCE31C2D2DF200B8D4EF /* Assets.xcassets */,
				318DDCE51C2D2DF200B8D4EF /* LaunchScreen.storyboard */,
				318DDCE81C2D2DF200B8D4EF /* Info.plist */,
			);
			path = HelloiOS;
			sourceTree = "<group>";
		};
/* End PBXGroup section */

/* Begin PBXNativeTarget section */
		318DDCD81C2D2DF200B8D4EF /* HelloiOS */ = {
			isa = PBXNativeTarget;
			buildConfigurationList = 318DDCEB1C2D2DF200B8D4EF /* Build configuration list for PBXNativeTarget "HelloiOS" */;
			buildPhases = (
				318DDCD51C2D2DF200B8D4EF /* Sources */,
				318DDCD61C2D2DF200B8D4EF /* Frameworks */,
				318DDCD71C2D2DF200B8D4EF /* Resources */,
			);
			buildRules = (
			);
			dependencies = (
			);
			name = HelloiOS;
			productName = HelloiOS;
			productReference = 318DDCD91C2D2DF200B8D4EF /* HelloiOS.app */;
			productType = "com.apple.product-type.application";
		};
/* End PBXNativeTarget section */

/* Begin PBXProject section */
		318DDCD11C2D2DF200B8D4EF /* Project object */ = {
			isa = PBXProject;
			attributes = {
				LastSwiftUpdateCheck = 0720;
				LastUpgradeCheck = 0720;
				ORGANIZATIONNAME = jikexueyuan;
				TargetAttributes = {
					318DDCD81C2D2DF200B8D4EF = {
						CreatedOnToolsVersion = 7.2;
						DevelopmentTeam = N2WE962J9F;
					};
				};
			};
			buildConfigurationList = 318DDCD41C2D2DF200B8D4EF /* Build configuration list for PBXProject "HelloiOS" */;
			compatibilityVersion = "Xcode 3.2";
			developmentRegion = English;
			hasScannedForEncodings = 0;
			knownRegions = (
				en,
				Base,
			);
			mainGroup = 318DDCD01C2D2DF200B8D4EF;
			productRefGroup = 318DDCDA1C2D2DF200B8D4EF /* Products */;
			projectDirPath = "";
			projectRoot = "";
			targets = (
				318DDCD81C2D2DF200B8D4EF /* HelloiOS */,
			);
		};
/* End PBXProject section */

/* Begin PBXResourcesBuildPhase section */
		318DDCD71C2D2DF200B8D4EF /* Resources */ = {
			isa = PBXResourcesBuildPhase;
			buildActionMask = 2147483647;
			files = (
				318DDCE71C2D2DF200B8D4EF /* LaunchScreen.storyboard in Resources */,
				318DDCE41C2D2DF200B8D4EF /* Assets.xcassets in Resources */,
				318DDCE21C2D2DF200B8D4EF /* Main.storyboard in Resources */,
			);
			runOnlyForDeploymentPostprocessing = 0;
		};
/* End PBXResourcesBuildPhase section */

/* Begin PBXSourcesBuildPhase section */
		318DDCD51C2D2DF200B8D4EF /* Sources */ = {
			isa = PBXSourcesBuildPhase;
			buildActionMask = 2147483647;
			files = (
				318DDCDF1C2D2DF200B8D4EF /* ViewController.swift in Sources */,
				318DDCDD1C2D2DF200B8D4EF /* AppDelegate.swift in Sources */,
			);
			runOnlyForDeploymentPostprocessing = 0;
		};
/* End PBXSourcesBuildPhase section */

/* Begin PBXVariantGroup section */
		318DDCE01C2D2DF200B8D4EF /* Main.storyboard */ = {
			isa = PBXVariantGroup;
			children = (
				318DDCE11C2D2DF200B8D4EF /* Base */,
			);
			name = Main.storyboard;
			sourceTree = "<group>";
		};
		318DDCE51C2D2DF200B8D4EF /* LaunchScreen.storyboard */ = {
			isa = PBXVariantGroup;
			children = (
				318DDCE61C2D2DF200B8D4EF /* Base */,
			);
			name = LaunchScreen.storyboard;
			sourceTree = "<group>";
		};
/* End PBXVariantGroup section */

/* Begin XCBuildConfiguration section */
		318DDCE91C2D2DF200B8D4EF /* Debug */ = {
			isa = XCBuildConfiguration;
			buildSettings = {
				ALWAYS_SEARCH_USER_PATHS = NO;
				CLANG_CXX_LANGUAGE_STANDARD = "gnu++0x";
				CLANG_CXX_LIBRARY = "libc++";
				CLANG_ENABLE_MODULES = YES;
				CLANG_ENABLE_OBJC_ARC = YES;
				CLANG_WARN_BOOL_CONVERSION = YES;
				CLANG_WARN_CONSTANT_CONVERSION = YES;
				CLANG_WARN_DIRECT_OBJC_ISA_USAGE = YES_ERROR;
				CLANG_WARN_EMPTY_BODY = YES;
				CLANG_WARN_ENUM_CONVERSION = YES;
				CLANG_WARN_INT_CONVERSION = YES;
				CLANG_WARN_OBJC_ROOT_CLASS = YES_ERROR;
				CLANG_WARN_UNREACHABLE_CODE = YES;
				CLANG_WARN__DUPLICATE_METHOD_MATCH = YES;
				"CODE_SIGN_IDENTITY[sdk=iphoneos*]" = "iPhone Developer";
				COPY_PHASE_STRIP = NO;
				DEBUG_INFORMATION_FORMAT = dwarf;
				ENABLE_STRICT_OBJC_MSGSEND = YES;
				ENABLE_TESTABILITY = YES;
				GCC_C_LANGUAGE_STANDARD = gnu99;
				GCC_DYNAMIC_NO_PIC = NO;
				GCC_NO_COMMON_BLOCKS = YES;
				GCC_OPTIMIZATION_LEVEL = 0;
				GCC_PREPROCESSOR_DEFINITIONS = (
					"DEBUG=1",
					"$(inherited)",
				);
				GCC_WARN_64_TO_32_BIT_CONVERSION = YES;
				GCC_WARN_ABOUT_RETURN_TYPE = YES_ERROR;
				GCC_WARN_UNDECLARED_SELECTOR = YES;
				GCC_WARN_UNINITIALIZED_AUTOS = YES_AGGRESSIVE;
				GCC_WARN_UNUSED_FUNCTION = YES;
				GCC_WARN_UNUSED_VARIABLE = YES;
				IPHONEOS_DEPLOYMENT_TARGET = 9.2;
				MTL_ENABLE_DEBUG_INFO = YES;
				ONLY_ACTIVE_ARCH = YES;
				SDKROOT = iphoneos;
				SWIFT_OPTIMIZATION_LEVEL = "-Onone";
			};
			name = Debug;
		};
		318DDCEA1C2D2DF200B8D4EF /* Release */ = {
			isa = XCBuildConfiguration;
			buildSettings = {
				ALWAYS_SEARCH_USER_PATHS = NO;
				CLANG_CXX_LANGUAGE_STANDARD = "gnu++0x";
				CLANG_CXX_LIBRARY = "libc++";
				CLANG_ENABLE_MODULES = YES;
				CLANG_ENABLE_OBJC_ARC = YES;
				CLANG_WARN_BOOL_CONVERSION = YES;
				CLANG_WARN_CONSTANT_CONVERSION = YES;
				CLANG_WARN_DIRECT_OBJC_ISA_USAGE = YES_ERROR;
				CLANG_WARN_EMPTY_BODY = YES;
				CLANG_WARN_ENUM_CONVERSION = YES;
				CLANG_WARN_INT_CONVERSION = YES;
				CLANG_WARN_OBJC_ROOT_CLASS = YES_ERROR;
				CLANG_WARN_UNREACHABLE_CODE = YES;
				CLANG_WARN__DUPLICATE_METHOD_MATCH = YES;
				"CODE_SIGN_IDENTITY[sdk=iphoneos*]" = "iPhone Developer";
				COPY_PHASE_STRIP = NO;
				DEBUG_INFORMATION_FORMAT = "dwarf-with-dsym";
				ENABLE_NS_ASSERTIONS = NO;
				ENABLE_STRICT_OBJC_MSGSEND = YES;
				GCC_C_LANGUAGE_STANDARD = gnu99;
				GCC_NO_COMMON_BLOCKS = YES;
				GCC_WARN_64_TO_32_BIT_CONVERSION = YES;
				GCC_WARN_ABOUT_RETURN_TYPE = YES_ERROR;
				GCC_WARN_UNDECLARED_SELECTOR = YES;
				GCC_WARN_UNINITIALIZED_AUTOS = YES_AGGRESSIVE;
				GCC_WARN_UNUSED_FUNCTION = YES;
				GCC_WARN_UNUSED_VARIABLE = YES;
				IPHONEOS_DEPLOYMENT_TARGET = 9.2;
				MTL_ENABLE_DEBUG_INFO = NO;
				SDKROOT = iphoneos;
				VALIDATE_PRODUCT = YES;
			};
			name = Release;
		};
		318DDCEC1C2D2DF200B8D4EF /* Debug */ = {
			isa = XCBuildConfiguration;
			buildSettings = {
				ASSETCATALOG_COMPILER_APPICON_NAME = AppIcon;
				CODE_SIGN_IDENTITY = "iPhone Developer";
				INFOPLIST_FILE = HelloiOS/Info.plist;
				IPHONEOS_DEPLOYMENT_TARGET = 7.0;
				LD_RUNPATH_SEARCH_PATHS = "$(inherited) @executable_path/Frameworks";
				PRODUCT_BUNDLE_IDENTIFIER = com.jkxy.HelloiOS;
				PRODUCT_NAME = "$(TARGET_NAME)";
			};
			name = Debug;
		};
		318DDCED1C2D2DF200B8D4EF /* Release */ = {
			isa = XCBuildConfiguration;
			buildSettings = {
				ASSETCATALOG_COMPILER_APPICON_NAME = AppIcon;
				CODE_SIGN_IDENTITY = "iPhone Developer";
				INFOPLIST_FILE = HelloiOS/Info.plist;
				IPHONEOS_DEPLOYMENT_TARGET = 7.0;
				LD_RUNPATH_SEARCH_PATHS = "$(inherited) @executable_path/Frameworks";
				PRODUCT_BUNDLE_IDENTIFIER = com.jkxy.HelloiOS;
				PRODUCT_NAME = "$(TARGET_NAME)";
			};
			name = Release;
		};
/* End XCBuildConfiguration section */

/* Begin XCConfigurationList section */
		318DDCD41C2D2DF200B8D4EF /* Build configuration list for PBXProject "HelloiOS" */ = {
			isa = XCConfigurationList;
			buildConfigurations = (
				318DDCE91C2D2DF200B8D4EF /* Debug */,
				318DDCEA1C2D2DF200B8D4EF /* Release */,
			);
			defaultConfigurationIsVisible = 0;
			defaultConfigurationName = Release;
		};
		318DDCEB1C2D2DF200B8D4EF /* Build configuration list for PBXNativeTarget "HelloiOS" */ = {
			isa = XCConfigurationList;
			buildConfigurations = (
				318DDCEC1C2D2DF200B8D4EF /* Debug */,
				318DDCED1C2D2DF200B8D4EF /* Release */,
			);
			defaultConfigurationIsVisible = 0;
		};
/* End XCConfigurationList section */
	};
	rootObject = 318DDCD11C2D2DF200B8D4EF /* Project object */;
}
