// !$*UTF8*$!
{
	archiveVersion = 1;
	classes = {
	};
	objectVersion = 46;
	objects = {

/* Begin PBXBuildFile section */
		3133A9681C575ED800F03F00 /* main.swift in Sources */ = {isa = PBXBuildFile; fileRef = 3133A9671C575ED800F03F00 /* main.swift */; };
		3133A9711C575EF500F03F00 /* Hello.c in Sources */ = {isa = PBXBuildFile; fileRef = 3133A96F1C575EF500F03F00 /* Hello.c */; };
		3133A9741C575FC000F03F00 /* Hi.mm in Sources */ = {isa = PBXBuildFile; fileRef = 3133A9731C575FC000F03F00 /* Hi.mm */; };
		3133A9771C57605200F03F00 /* CPPHello.cpp in Sources */ = {isa = PBXBuildFile; fileRef = 3133A9751C57605200F03F00 /* CPPHello.cpp */; };
/* End PBXBuildFile section */

/* Begin PBXCopyFilesBuildPhase section */
		3133A9621C575ED800F03F00 /* CopyFiles */ = {
			isa = PBXCopyFilesBuildPhase;
			buildActionMask = 2147483647;
			dstPath = /usr/share/man/man1/;
			dstSubfolderSpec = 0;
			files = (
			);
			runOnlyForDeploymentPostprocessing = 1;
		};
/* End PBXCopyFilesBuildPhase section */

/* Begin PBXFileReference section */
		3133A9641C575ED800F03F00 /* SwiftAndC */ = {isa = PBXFileReference; explicitFileType = "compiled.mach-o.executable"; includeInIndex = 0; path = SwiftAndC; sourceTree = BUILT_PRODUCTS_DIR; };
		3133A9671C575ED800F03F00 /* main.swift */ = {isa = PBXFileReference; lastKnownFileType = sourcecode.swift; path = main.swift; sourceTree = "<group>"; };
		3133A96E1C575EF400F03F00 /* SwiftAndC-Bridging-Header.h */ = {isa = PBXFileReference; lastKnownFileType = sourcecode.c.h; path = "SwiftAndC-Bridging-Header.h"; sourceTree = "<group>"; };
		3133A96F1C575EF500F03F00 /* Hello.c */ = {isa = PBXFileReference; fileEncoding = 4; lastKnownFileType = sourcecode.c.c; path = Hello.c; sourceTree = "<group>"; };
		3133A9701C575EF500F03F00 /* Hello.h */ = {isa = PBXFileReference; fileEncoding = 4; lastKnownFileType = sourcecode.c.h; path = Hello.h; sourceTree = "<group>"; };
		3133A9721C575FC000F03F00 /* Hi.h */ = {isa = PBXFileReference; fileEncoding = 4; lastKnownFileType = sourcecode.c.h; path = Hi.h; sourceTree = "<group>"; };
		3133A9731C575FC000F03F00 /* Hi.mm */ = {isa = PBXFileReference; fileEncoding = 4; lastKnownFileType = sourcecode.cpp.objcpp; path = Hi.mm; sourceTree = "<group>"; };
		3133A9751C57605200F03F00 /* CPPHello.cpp */ = {isa = PBXFileReference; fileEncoding = 4; lastKnownFileType = sourcecode.cpp.cpp; path = CPPHello.cpp; sourceTree = "<group>"; };
		3133A9761C57605200F03F00 /* CPPHello.hpp */ = {isa = PBXFileReference; fileEncoding = 4; lastKnownFileType = sourcecode.cpp.h; path = CPPHello.hpp; sourceTree = "<group>"; };
/* End PBXFileReference section */

/* Begin PBXFrameworksBuildPhase section */
		3133A9611C575ED800F03F00 /* Frameworks */ = {
			isa = PBXFrameworksBuildPhase;
			buildActionMask = 2147483647;
			files = (
			);
			runOnlyForDeploymentPostprocessing = 0;
		};
/* End PBXFrameworksBuildPhase section */

/* Begin PBXGroup section */
		3133A95B1C575ED800F03F00 = {
			isa = PBXGroup;
			children = (
				3133A9661C575ED800F03F00 /* SwiftAndC */,
				3133A9651C575ED800F03F00 /* Products */,
			);
			sourceTree = "<group>";
		};
		3133A9651C575ED800F03F00 /* Products */ = {
			isa = PBXGroup;
			children = (
				3133A9641C575ED800F03F00 /* SwiftAndC */,
			);
			name = Products;
			sourceTree = "<group>";
		};
		3133A9661C575ED800F03F00 /* SwiftAndC */ = {
			isa = PBXGroup;
			children = (
				3133A9671C575ED800F03F00 /* main.swift */,
				3133A96F1C575EF500F03F00 /* Hello.c */,
				3133A9701C575EF500F03F00 /* Hello.h */,
				3133A96E1C575EF400F03F00 /* SwiftAndC-Bridging-Header.h */,
				3133A9721C575FC000F03F00 /* Hi.h */,
				3133A9731C575FC000F03F00 /* Hi.mm */,
				3133A9751C57605200F03F00 /* CPPHello.cpp */,
				3133A9761C57605200F03F00 /* CPPHello.hpp */,
			);
			path = SwiftAndC;
			sourceTree = "<group>";
		};
/* End PBXGroup section */

/* Begin PBXNativeTarget section */
		3133A9631C575ED800F03F00 /* SwiftAndC */ = {
			isa = PBXNativeTarget;
			buildConfigurationList = 3133A96B1C575ED800F03F00 /* Build configuration list for PBXNativeTarget "SwiftAndC" */;
			buildPhases = (
				3133A9601C575ED800F03F00 /* Sources */,
				3133A9611C575ED800F03F00 /* Frameworks */,
				3133A9621C575ED800F03F00 /* CopyFiles */,
			);
			buildRules = (
			);
			dependencies = (
			);
			name = SwiftAndC;
			productName = SwiftAndC;
			productReference = 3133A9641C575ED800F03F00 /* SwiftAndC */;
			productType = "com.apple.product-type.tool";
		};
/* End PBXNativeTarget section */

/* Begin PBXProject section */
		3133A95C1C575ED800F03F00 /* Project object */ = {
			isa = PBXProject;
			attributes = {
				LastSwiftUpdateCheck = 0720;
				LastUpgradeCheck = 0720;
				ORGANIZATIONNAME = jikexueyuan;
				TargetAttributes = {
					3133A9631C575ED800F03F00 = {
						CreatedOnToolsVersion = 7.2;
					};
				};
			};
			buildConfigurationList = 3133A95F1C575ED800F03F00 /* Build configuration list for PBXProject "SwiftAndC" */;
			compatibilityVersion = "Xcode 3.2";
			developmentRegion = English;
			hasScannedForEncodings = 0;
			knownRegions = (
				en,
			);
			mainGroup = 3133A95B1C575ED800F03F00;
			productRefGroup = 3133A9651C575ED800F03F00 /* Products */;
			projectDirPath = "";
			projectRoot = "";
			targets = (
				3133A9631C575ED800F03F00 /* SwiftAndC */,
			);
		};
/* End PBXProject section */

/* Begin PBXSourcesBuildPhase section */
		3133A9601C575ED800F03F00 /* Sources */ = {
			isa = PBXSourcesBuildPhase;
			buildActionMask = 2147483647;
			files = (
				3133A9771C57605200F03F00 /* CPPHello.cpp in Sources */,
				3133A9741C575FC000F03F00 /* Hi.mm in Sources */,
				3133A9711C575EF500F03F00 /* Hello.c in Sources */,
				3133A9681C575ED800F03F00 /* main.swift in Sources */,
			);
			runOnlyForDeploymentPostprocessing = 0;
		};
/* End PBXSourcesBuildPhase section */

/* Begin XCBuildConfiguration section */
		3133A9691C575ED800F03F00 /* Debug */ = {
			isa = XCBuildConfiguration;
			buildSettings = {
				ALWAYS_SEARCH_USER_PATHS = NO;
				CLANG_CXX_LANGUAGE_STANDARD = "gnu++0x";
				CLANG_CXX_LIBRARY = "libc++";
				CLANG_ENABLE_MODULES = YES;
				CLANG_ENABLE_OBJC_ARC = YES;
				CLANG_WARN_BOOL_CONVERSION = YES;
				CLANG_WARN_CONSTANT_CONVERSION = YES;
				CLANG_WARN_DIRECT_OBJC_ISA_USAGE = YES_ERROR;
				CLANG_WARN_EMPTY_BODY = YES;
				CLANG_WARN_ENUM_CONVERSION = YES;
				CLANG_WARN_INT_CONVERSION = YES;
				CLANG_WARN_OBJC_ROOT_CLASS = YES_ERROR;
				CLANG_WARN_UNREACHABLE_CODE = YES;
				CLANG_WARN__DUPLICATE_METHOD_MATCH = YES;
				CODE_SIGN_IDENTITY = "-";
				COPY_PHASE_STRIP = NO;
				DEBUG_INFORMATION_FORMAT = dwarf;
				ENABLE_STRICT_OBJC_MSGSEND = YES;
				ENABLE_TESTABILITY = YES;
				GCC_C_LANGUAGE_STANDARD = gnu99;
				GCC_DYNAMIC_NO_PIC = NO;
				GCC_NO_COMMON_BLOCKS = YES;
				GCC_OPTIMIZATION_LEVEL = 0;
				GCC_PREPROCESSOR_DEFINITIONS = (
					"DEBUG=1",
					"$(inherited)",
				);
				GCC_WARN_64_TO_32_BIT_CONVERSION = YES;
				GCC_WARN_ABOUT_RETURN_TYPE = YES_ERROR;
				GCC_WARN_UNDECLARED_SELECTOR = YES;
				GCC_WARN_UNINITIALIZED_AUTOS = YES_AGGRESSIVE;
				GCC_WARN_UNUSED_FUNCTION = YES;
				GCC_WARN_UNUSED_VARIABLE = YES;
				MACOSX_DEPLOYMENT_TARGET = 10.11;
				MTL_ENABLE_DEBUG_INFO = YES;
				ONLY_ACTIVE_ARCH = YES;
				SDKROOT = macosx;
				SWIFT_OPTIMIZATION_LEVEL = "-Onone";
			};
			name = Debug;
		};
		3133A96A1C575ED800F03F00 /* Release */ = {
			isa = XCBuildConfiguration;
			buildSettings = {
				ALWAYS_SEARCH_USER_PATHS = NO;
				CLANG_CXX_LANGUAGE_STANDARD = "gnu++0x";
				CLANG_CXX_LIBRARY = "libc++";
				CLANG_ENABLE_MODULES = YES;
				CLANG_ENABLE_OBJC_ARC = YES;
				CLANG_WARN_BOOL_CONVERSION = YES;
				CLANG_WARN_CONSTANT_CONVERSION = YES;
				CLANG_WARN_DIRECT_OBJC_ISA_USAGE = YES_ERROR;
				CLANG_WARN_EMPTY_BODY = YES;
				CLANG_WARN_ENUM_CONVERSION = YES;
				CLANG_WARN_INT_CONVERSION = YES;
				CLANG_WARN_OBJC_ROOT_CLASS = YES_ERROR;
				CLANG_WARN_UNREACHABLE_CODE = YES;
				CLANG_WARN__DUPLICATE_METHOD_MATCH = YES;
				CODE_SIGN_IDENTITY = "-";
				COPY_PHASE_STRIP = NO;
				DEBUG_INFORMATION_FORMAT = "dwarf-with-dsym";
				ENABLE_NS_ASSERTIONS = NO;
				ENABLE_STRICT_OBJC_MSGSEND = YES;
				GCC_C_LANGUAGE_STANDARD = gnu99;
				GCC_NO_COMMON_BLOCKS = YES;
				GCC_WARN_64_TO_32_BIT_CONVERSION = YES;
				GCC_WARN_ABOUT_RETURN_TYPE = YES_ERROR;
				GCC_WARN_UNDECLARED_SELECTOR = YES;
				GCC_WARN_UNINITIALIZED_AUTOS = YES_AGGRESSIVE;
				GCC_WARN_UNUSED_FUNCTION = YES;
				GCC_WARN_UNUSED_VARIABLE = YES;
				MACOSX_DEPLOYMENT_TARGET = 10.11;
				MTL_ENABLE_DEBUG_INFO = NO;
				SDKROOT = macosx;
			};
			name = Release;
		};
		3133A96C1C575ED800F03F00 /* Debug */ = {
			isa = XCBuildConfiguration;
			buildSettings = {
				CLANG_ENABLE_MODULES = YES;
				LD_RUNPATH_SEARCH_PATHS = "$(inherited) @executable_path/../Frameworks @loader_path/../Frameworks";
				PRODUCT_NAME = "$(TARGET_NAME)";
				SWIFT_OBJC_BRIDGING_HEADER = "SwiftAndC/SwiftAndC-Bridging-Header.h";
				SWIFT_OPTIMIZATION_LEVEL = "-Onone";
			};
			name = Debug;
		};
		3133A96D1C575ED800F03F00 /* Release */ = {
			isa = XCBuildConfiguration;
			buildSettings = {
				CLANG_ENABLE_MODULES = YES;
				LD_RUNPATH_SEARCH_PATHS = "$(inherited) @executable_path/../Frameworks @loader_path/../Frameworks";
				PRODUCT_NAME = "$(TARGET_NAME)";
				SWIFT_OBJC_BRIDGING_HEADER = "SwiftAndC/SwiftAndC-Bridging-Header.h";
			};
			name = Release;
		};
/* End XCBuildConfiguration section */

/* Begin XCConfigurationList section */
		3133A95F1C575ED800F03F00 /* Build configuration list for PBXProject "SwiftAndC" */ = {
			isa = XCConfigurationList;
			buildConfigurations = (
				3133A9691C575ED800F03F00 /* Debug */,
				3133A96A1C575ED800F03F00 /* Release */,
			);
			defaultConfigurationIsVisible = 0;
			defaultConfigurationName = Release;
		};
		3133A96B1C575ED800F03F00 /* Build configuration list for PBXNativeTarget "SwiftAndC" */ = {
			isa = XCConfigurationList;
			buildConfigurations = (
				3133A96C1C575ED800F03F00 /* Debug */,
				3133A96D1C575ED800F03F00 /* Release */,
			);
			defaultConfigurationIsVisible = 0;
		};
/* End XCConfigurationList section */
	};
	rootObject = 3133A95C1C575ED800F03F00 /* Project object */;
}
